
Microsoft Visual Studio Solution File, Format Version 12.00
Project("{FAE04EC0-301F-11D3-BF4B-00C04F79EFBC}") = "JewelryBack", "JewelryBack\JewelryBack.csproj", "{0CFA359E-C0FE-41D8-8A19-35FFE1FB5563}"
EndProject
Global
	GlobalSection(SolutionConfigurationPlatforms) = preSolution
		Debug|Any CPU = Debug|Any CPU
		Release|Any CPU = Release|Any CPU
	EndGlobalSection
	GlobalSection(ProjectConfigurationPlatforms) = postSolution
		{0CFA359E-C0FE-41D8-8A19-35FFE1FB5563}.Debug|Any CPU.ActiveCfg = Debug|Any CPU
		{0CFA359E-C0FE-41D8-8A19-35FFE1FB5563}.Debug|Any CPU.Build.0 = Debug|Any CPU
		{0CFA359E-C0FE-41D8-8A19-35FFE1FB5563}.Release|Any CPU.ActiveCfg = Release|Any CPU
		{0CFA359E-C0FE-41D8-8A19-35FFE1FB5563}.Release|Any CPU.Build.0 = Release|Any CPU
	EndGlobalSection
EndGlobal
